
Microsoft Visual Studio Solution File, Format Version 12.00
# Visual Studio Version 17
VisualStudioVersion = 17.4.33205.214
MinimumVisualStudioVersion = 10.0.40219.1
Project("{FAE04EC0-301F-11D3-BF4B-00C04F79EFBC}") = "ConsoleApi", "ConsoleApi\ConsoleApi.csproj", "{9A21B07B-31A7-43AB-9DCC-AB7239BB7DF4}"
EndProject
Project("{FAE04EC0-301F-11D3-BF4B-00C04F79EFBC}") = "ConsoleApi.Core", "ConsoleApi.Core\ConsoleApi.Core.csproj", "{701D4565-6D54-44FD-AAE3-7F7D6583D82E}"
EndProject
Project("{FAE04EC0-301F-11D3-BF4B-00C04F79EFBC}") = "ConsoleApi.Data", "ConsoleApi.Data\ConsoleApi.Data.csproj", "{0BE11536-2353-45AC-B402-6D8446BE1A0C}"
EndProject
Project("{FAE04EC0-301F-11D3-BF4B-00C04F79EFBC}") = "ConsoleApi.Service", "ConsoleApi.Service\ConsoleApi.Service.csproj", "{2453E73E-5611-4186-9692-FBFE4FF06F01}"
EndProject
Global
	GlobalSection(SolutionConfigurationPlatforms) = preSolution
		Debug|Any CPU = Debug|Any CPU
		Release|Any CPU = Release|Any CPU
	EndGlobalSection
	GlobalSection(ProjectConfigurationPlatforms) = postSolution
		{9A21B07B-31A7-43AB-9DCC-AB7239BB7DF4}.Debug|Any CPU.ActiveCfg = Debug|Any CPU
		{9A21B07B-31A7-43AB-9DCC-AB7239BB7DF4}.Debug|Any CPU.Build.0 = Debug|Any CPU
		{9A21B07B-31A7-43AB-9DCC-AB7239BB7DF4}.Release|Any CPU.ActiveCfg = Release|Any CPU
		{9A21B07B-31A7-43AB-9DCC-AB7239BB7DF4}.Release|Any CPU.Build.0 = Release|Any CPU
		{701D4565-6D54-44FD-AAE3-7F7D6583D82E}.Debug|Any CPU.ActiveCfg = Debug|Any CPU
		{701D4565-6D54-44FD-AAE3-7F7D6583D82E}.Debug|Any CPU.Build.0 = Debug|Any CPU
		{701D4565-6D54-44FD-AAE3-7F7D6583D82E}.Release|Any CPU.ActiveCfg = Release|Any CPU
		{701D4565-6D54-44FD-AAE3-7F7D6583D82E}.Release|Any CPU.Build.0 = Release|Any CPU
		{0BE11536-2353-45AC-B402-6D8446BE1A0C}.Debug|Any CPU.ActiveCfg = Debug|Any CPU
		{0BE11536-2353-45AC-B402-6D8446BE1A0C}.Debug|Any CPU.Build.0 = Debug|Any CPU
		{0BE11536-2353-45AC-B402-6D8446BE1A0C}.Release|Any CPU.ActiveCfg = Release|Any CPU
		{0BE11536-2353-45AC-B402-6D8446BE1A0C}.Release|Any CPU.Build.0 = Release|Any CPU
		{2453E73E-5611-4186-9692-FBFE4FF06F01}.Debug|Any CPU.ActiveCfg = Debug|Any CPU
		{2453E73E-5611-4186-9692-FBFE4FF06F01}.Debug|Any CPU.Build.0 = Debug|Any CPU
		{2453E73E-5611-4186-9692-FBFE4FF06F01}.Release|Any CPU.ActiveCfg = Release|Any CPU
		{2453E73E-5611-4186-9692-FBFE4FF06F01}.Release|Any CPU.Build.0 = Release|Any CPU
	EndGlobalSection
	GlobalSection(SolutionProperties) = preSolution
		HideSolutionNode = FALSE
	EndGlobalSection
	GlobalSection(ExtensibilityGlobals) = postSolution
		SolutionGuid = {4EDF6211-692F-41CD-B495-D5BBB387DF57}
	EndGlobalSection
EndGlobal
